
Microsoft Visual Studio Solution File, Format Version 12.00
# Visual Studio 15
VisualStudioVersion = 15.0.27130.2027
MinimumVisualStudioVersion = 10.0.40219.1
Project("{F184B08F-C81C-45F6-A57F-5ABD9991F28F}") = "Lab2", "Lab2\Lab2.vbproj", "{23EFA9E1-3135-45A4-BDDD-B1DFF1B9FA33}"
EndProject
Project("{F184B08F-C81C-45F6-A57F-5ABD9991F28F}") = "BaseDeDatos", "BaseDeDatos\BaseDeDatos.vbproj", "{A1D979DD-E6C0-4A44-9AC2-C40A5635D6E4}"
EndProject
Global
	GlobalSection(SolutionConfigurationPlatforms) = preSolution
		Debug|Any CPU = Debug|Any CPU
		Release|Any CPU = Release|Any CPU
	EndGlobalSection
	GlobalSection(ProjectConfigurationPlatforms) = postSolution
		{23EFA9E1-3135-45A4-BDDD-B1DFF1B9FA33}.Debug|Any CPU.ActiveCfg = Debug|Any CPU
		{23EFA9E1-3135-45A4-BDDD-B1DFF1B9FA33}.Debug|Any CPU.Build.0 = Debug|Any CPU
		{23EFA9E1-3135-45A4-BDDD-B1DFF1B9FA33}.Release|Any CPU.ActiveCfg = Release|Any CPU
		{23EFA9E1-3135-45A4-BDDD-B1DFF1B9FA33}.Release|Any CPU.Build.0 = Release|Any CPU
		{A1D979DD-E6C0-4A44-9AC2-C40A5635D6E4}.Debug|Any CPU.ActiveCfg = Debug|Any CPU
		{A1D979DD-E6C0-4A44-9AC2-C40A5635D6E4}.Debug|Any CPU.Build.0 = Debug|Any CPU
		{A1D979DD-E6C0-4A44-9AC2-C40A5635D6E4}.Release|Any CPU.ActiveCfg = Release|Any CPU
		{A1D979DD-E6C0-4A44-9AC2-C40A5635D6E4}.Release|Any CPU.Build.0 = Release|Any CPU
	EndGlobalSection
	GlobalSection(SolutionProperties) = preSolution
		HideSolutionNode = FALSE
	EndGlobalSection
	GlobalSection(ExtensibilityGlobals) = postSolution
		SolutionGuid = {0BFB9E18-80F4-457F-AA5C-94206A495517}
	EndGlobalSection
EndGlobal
